{
  "name": "npm-workspace-example",
  "version": "1.0.0",
  "lockfileVersion": 2,
  "requires": true,
  "packages": {
    "": {
      "version": "1.0.0",
      "workspaces": [
        "packages/*"
      ]
    },
    "node_modules/client": {
      "resolved": "packages/client",
      "link": true
    },
    "node_modules/common": {
      "resolved": "packages/common",
      "link": true
    },
    "packages/client": {
      "version": "1.0.0",
      "license": "ISC",
      "dependencies": {
        "common": "1.0.0"
      }
    },
    "packages/common": {
      "version": "1.0.0",
      "license": "ISC"
    }
  },
  "dependencies": {
    "client": {
      "version": "file:packages/client",
      "requires": {
        "common": "1.0.0"
      }
    },
    "common": {
      "version": "file:packages/common"
    }
  }
}
